
Microsoft Visual Studio Solution File, Format Version 10.00
# Visual Studio 2008
Project("{D2ABAB84-BF74-430A-B69E-9DC6D40DDA17}") = "OLAP-LOG", "OLAP-LOG\OLAP-LOG.dwproj", "{00450B06-0045-447A-BDC6-F7ADA4B3C4D1}"
EndProject
Global
	GlobalSection(SolutionConfigurationPlatforms) = preSolution
		Development|Default = Development|Default
	EndGlobalSection
	GlobalSection(ProjectConfigurationPlatforms) = postSolution
		{00450B06-0045-447A-BDC6-F7ADA4B3C4D1}.Development|Default.ActiveCfg = Development
		{00450B06-0045-447A-BDC6-F7ADA4B3C4D1}.Development|Default.Build.0 = Development
		{00450B06-0045-447A-BDC6-F7ADA4B3C4D1}.Development|Default.Deploy.0 = Development
	EndGlobalSection
	GlobalSection(SolutionProperties) = preSolution
		HideSolutionNode = FALSE
	EndGlobalSection
EndGlobal
