
Microsoft Visual Studio Solution File, Format Version 10.00
# Visual Studio 2008
Project("{D2ABAB84-BF74-430A-B69E-9DC6D40DDA17}") = "logistics", "logistics\logistics.dwproj", "{779BDEEB-49CD-4593-B9AB-47A55091611A}"
EndProject
Global
	GlobalSection(SolutionConfigurationPlatforms) = preSolution
		Development|Default = Development|Default
	EndGlobalSection
	GlobalSection(ProjectConfigurationPlatforms) = postSolution
		{779BDEEB-49CD-4593-B9AB-47A55091611A}.Development|Default.ActiveCfg = Development
		{779BDEEB-49CD-4593-B9AB-47A55091611A}.Development|Default.Build.0 = Development
		{779BDEEB-49CD-4593-B9AB-47A55091611A}.Development|Default.Deploy.0 = Development
	EndGlobalSection
	GlobalSection(SolutionProperties) = preSolution
		HideSolutionNode = FALSE
	EndGlobalSection
EndGlobal
